
Microsoft Visual Studio Solution File, Format Version 12.00
# Visual Studio Version 17
VisualStudioVersion = 17.0.31903.59
MinimumVisualStudioVersion = 10.0.40219.1
Project("{2150E333-8FDC-42A3-9474-1A3956D46DE8}") = "src", "src", "{E07E2EF1-B23A-495D-BECD-F5E928FE9DAE}"
EndProject
Project("{FAE04EC0-301F-11D3-BF4B-00C04F79EFBC}") = "ContosoUniversity.Web", "src\ContosoUniversity.Web\ContosoUniversity.Web.csproj", "{A8ADB93D-827E-4151-A72A-676934D2EC9F}"
EndProject
Project("{FAE04EC0-301F-11D3-BF4B-00C04F79EFBC}") = "ContosoUniversity.Web.UnitTests", "src\ContosoUniversity.Web.UnitTests\ContosoUniversity.Web.UnitTests.csproj", "{BE3169C5-486F-42E3-A65A-4FAAEEF19DFF}"
EndProject
Global
	GlobalSection(SolutionConfigurationPlatforms) = preSolution
		Debug|Any CPU = Debug|Any CPU
		Release|Any CPU = Release|Any CPU
	EndGlobalSection
	GlobalSection(SolutionProperties) = preSolution
		HideSolutionNode = FALSE
	EndGlobalSection
	GlobalSection(ProjectConfigurationPlatforms) = postSolution
		{A8ADB93D-827E-4151-A72A-676934D2EC9F}.Debug|Any CPU.ActiveCfg = Debug|Any CPU
		{A8ADB93D-827E-4151-A72A-676934D2EC9F}.Debug|Any CPU.Build.0 = Debug|Any CPU
		{A8ADB93D-827E-4151-A72A-676934D2EC9F}.Release|Any CPU.ActiveCfg = Release|Any CPU
		{A8ADB93D-827E-4151-A72A-676934D2EC9F}.Release|Any CPU.Build.0 = Release|Any CPU
		{BE3169C5-486F-42E3-A65A-4FAAEEF19DFF}.Debug|Any CPU.ActiveCfg = Debug|Any CPU
		{BE3169C5-486F-42E3-A65A-4FAAEEF19DFF}.Debug|Any CPU.Build.0 = Debug|Any CPU
		{BE3169C5-486F-42E3-A65A-4FAAEEF19DFF}.Release|Any CPU.ActiveCfg = Release|Any CPU
		{BE3169C5-486F-42E3-A65A-4FAAEEF19DFF}.Release|Any CPU.Build.0 = Release|Any CPU
	EndGlobalSection
	GlobalSection(NestedProjects) = preSolution
		{A8ADB93D-827E-4151-A72A-676934D2EC9F} = {E07E2EF1-B23A-495D-BECD-F5E928FE9DAE}
		{BE3169C5-486F-42E3-A65A-4FAAEEF19DFF} = {E07E2EF1-B23A-495D-BECD-F5E928FE9DAE}
	EndGlobalSection
EndGlobal
